PODS:
  - Flutter (1.0.0)
  - flutter_carplay (1.0.0):
    - Flutter

DEPENDENCIES:
  - Flutter (from `Flutter`)
  - flutter_carplay (from `.symlinks/plugins/flutter_carplay/ios`)

EXTERNAL SOURCES:
  Flutter:
    :path: Flutter
  flutter_carplay:
    :path: ".symlinks/plugins/flutter_carplay/ios"

SPEC CHECKSUMS:
  Flutter: 434fef37c0980e73bb6479ef766c45957d4b510c
  flutter_carplay: 60addabe8feba0663a6e50766b5f752e6607db77

PODFILE CHECKSUM: 775997f741c536251164e3eacf6e34abf2eb7a17

COCOAPODS: 1.11.0
